
Microsoft Visual Studio Solution File, Format Version 12.00
# Visual Studio Version 17
VisualStudioVersion = 17.0.32112.339
MinimumVisualStudioVersion = 10.0.40219.1
Project("{2150E333-8FDC-42A3-9474-1A3956D46DE8}") = "src", "src", "{C6B9740D-661F-4A37-84A4-23589289AEC2}"
EndProject
Project("{2150E333-8FDC-42A3-9474-1A3956D46DE8}") = "tests", "tests", "{7DF6EE7F-6531-487D-9BD6-E56E0A5ADC17}"
EndProject
Project("{2150E333-8FDC-42A3-9474-1A3956D46DE8}") = "Solution Items", "Solution Items", "{1E6336A3-5E40-4111-B0FE-9644364C92A1}"
	ProjectSection(SolutionItems) = preProject
		.editorconfig = .editorconfig
		.gitignore = .gitignore
		README.md = README.md
	EndProjectSection
EndProject
Project("{9A19103F-16F7-4668-BE54-9A1E7A4F7556}") = "Users.ApplicationCore", "src\Users.ApplicationCore\Users.ApplicationCore.csproj", "{04F75064-E078-42A5-B583-36A593A75C28}"
EndProject
Project("{9A19103F-16F7-4668-BE54-9A1E7A4F7556}") = "Users.Infrastructure", "src\Users.Infrastructure\Users.Infrastructure.csproj", "{2C775752-06D6-49D1-AF42-0E5B47A1871C}"
EndProject
Project("{9A19103F-16F7-4668-BE54-9A1E7A4F7556}") = "Users.UnitTests", "tests\Users.UnitTests\Users.UnitTests.csproj", "{B740DB14-76A4-48DD-8A11-F853EB17FDD6}"
EndProject
Project("{9A19103F-16F7-4668-BE54-9A1E7A4F7556}") = "Users.IntegrationTests", "Users.IntegrationTests\Users.IntegrationTests.csproj", "{4A122EA3-0041-429C-9C18-99012CDD68AF}"
EndProject
Project("{FAE04EC0-301F-11D3-BF4B-00C04F79EFBC}") = "User.Api", "src\User.Api\User.Api.csproj", "{A5FAE98F-099D-4EAB-B97D-A61C3921788F}"
EndProject
Global
	GlobalSection(SolutionConfigurationPlatforms) = preSolution
		Debug|Any CPU = Debug|Any CPU
		Release|Any CPU = Release|Any CPU
	EndGlobalSection
	GlobalSection(ProjectConfigurationPlatforms) = postSolution
		{04F75064-E078-42A5-B583-36A593A75C28}.Debug|Any CPU.ActiveCfg = Debug|Any CPU
		{04F75064-E078-42A5-B583-36A593A75C28}.Debug|Any CPU.Build.0 = Debug|Any CPU
		{04F75064-E078-42A5-B583-36A593A75C28}.Release|Any CPU.ActiveCfg = Release|Any CPU
		{04F75064-E078-42A5-B583-36A593A75C28}.Release|Any CPU.Build.0 = Release|Any CPU
		{2C775752-06D6-49D1-AF42-0E5B47A1871C}.Debug|Any CPU.ActiveCfg = Debug|Any CPU
		{2C775752-06D6-49D1-AF42-0E5B47A1871C}.Debug|Any CPU.Build.0 = Debug|Any CPU
		{2C775752-06D6-49D1-AF42-0E5B47A1871C}.Release|Any CPU.ActiveCfg = Release|Any CPU
		{2C775752-06D6-49D1-AF42-0E5B47A1871C}.Release|Any CPU.Build.0 = Release|Any CPU
		{B740DB14-76A4-48DD-8A11-F853EB17FDD6}.Debug|Any CPU.ActiveCfg = Debug|Any CPU
		{B740DB14-76A4-48DD-8A11-F853EB17FDD6}.Debug|Any CPU.Build.0 = Debug|Any CPU
		{B740DB14-76A4-48DD-8A11-F853EB17FDD6}.Release|Any CPU.ActiveCfg = Release|Any CPU
		{B740DB14-76A4-48DD-8A11-F853EB17FDD6}.Release|Any CPU.Build.0 = Release|Any CPU
		{4A122EA3-0041-429C-9C18-99012CDD68AF}.Debug|Any CPU.ActiveCfg = Debug|Any CPU
		{4A122EA3-0041-429C-9C18-99012CDD68AF}.Debug|Any CPU.Build.0 = Debug|Any CPU
		{4A122EA3-0041-429C-9C18-99012CDD68AF}.Release|Any CPU.ActiveCfg = Release|Any CPU
		{4A122EA3-0041-429C-9C18-99012CDD68AF}.Release|Any CPU.Build.0 = Release|Any CPU
		{A5FAE98F-099D-4EAB-B97D-A61C3921788F}.Debug|Any CPU.ActiveCfg = Debug|Any CPU
		{A5FAE98F-099D-4EAB-B97D-A61C3921788F}.Debug|Any CPU.Build.0 = Debug|Any CPU
		{A5FAE98F-099D-4EAB-B97D-A61C3921788F}.Release|Any CPU.ActiveCfg = Release|Any CPU
		{A5FAE98F-099D-4EAB-B97D-A61C3921788F}.Release|Any CPU.Build.0 = Release|Any CPU
	EndGlobalSection
	GlobalSection(SolutionProperties) = preSolution
		HideSolutionNode = FALSE
	EndGlobalSection
	GlobalSection(NestedProjects) = preSolution
		{04F75064-E078-42A5-B583-36A593A75C28} = {C6B9740D-661F-4A37-84A4-23589289AEC2}
		{2C775752-06D6-49D1-AF42-0E5B47A1871C} = {C6B9740D-661F-4A37-84A4-23589289AEC2}
		{B740DB14-76A4-48DD-8A11-F853EB17FDD6} = {7DF6EE7F-6531-487D-9BD6-E56E0A5ADC17}
		{4A122EA3-0041-429C-9C18-99012CDD68AF} = {7DF6EE7F-6531-487D-9BD6-E56E0A5ADC17}
		{A5FAE98F-099D-4EAB-B97D-A61C3921788F} = {C6B9740D-661F-4A37-84A4-23589289AEC2}
	EndGlobalSection
	GlobalSection(ExtensibilityGlobals) = postSolution
		SolutionGuid = {A39BEE35-4C8D-4517-B0C5-F55E35865FE9}
	EndGlobalSection
EndGlobal
